// !$*UTF8*$!
{
	archiveVersion = 1;
	classes = {
	};
	objectVersion = 77;
	objects = {

/* Begin PBXBuildFile section */
		CE70E90A2CD26B1400D0A887 /* Alamofire in Frameworks */ = {isa = PBXBuildFile; productRef = CE70E9092CD26B1400D0A887 /* Alamofire */; };
/* End PBXBuildFile section */

/* Begin PBXContainerItemProxy section */
		CE6BCF452CD0F6BE00B30E87 /* PBXContainerItemProxy */ = {
			isa = PBXContainerItemProxy;
			containerPortal = CE6BCF2A2CD0F6BC00B30E87 /* Project object */;
			proxyType = 1;
			remoteGlobalIDString = CE6BCF312CD0F6BC00B30E87;
			remoteInfo = StoreApp;
		};
		CE6BCF4F2CD0F6BE00B30E87 /* PBXContainerItemProxy */ = {
			isa = PBXContainerItemProxy;
			containerPortal = CE6BCF2A2CD0F6BC00B30E87 /* Project object */;
			proxyType = 1;
			remoteGlobalIDString = CE6BCF312CD0F6BC00B30E87;
			remoteInfo = StoreApp;
		};
/* End PBXContainerItemProxy section */

/* Begin PBXFileReference section */
		CE6BCF322CD0F6BC00B30E87 /* StoreApp.app */ = {isa = PBXFileReference; explicitFileType = wrapper.application; includeInIndex = 0; path = StoreApp.app; sourceTree = BUILT_PRODUCTS_DIR; };
		CE6BCF442CD0F6BE00B30E87 /* StoreAppTests.xctest */ = {isa = PBXFileReference; explicitFileType = wrapper.cfbundle; includeInIndex = 0; path = StoreAppTests.xctest; sourceTree = BUILT_PRODUCTS_DIR; };
		CE6BCF4E2CD0F6BE00B30E87 /* StoreAppUITests.xctest */ = {isa = PBXFileReference; explicitFileType = wrapper.cfbundle; includeInIndex = 0; path = StoreAppUITests.xctest; sourceTree = BUILT_PRODUCTS_DIR; };
/* End PBXFileReference section */

/* Begin PBXFileSystemSynchronizedRootGroup section */
		CE6BCF342CD0F6BC00B30E87 /* StoreApp */ = {
			isa = PBXFileSystemSynchronizedRootGroup;
			path = StoreApp;
			sourceTree = "<group>";
		};
		CE6BCF472CD0F6BE00B30E87 /* StoreAppTests */ = {
			isa = PBXFileSystemSynchronizedRootGroup;
			path = StoreAppTests;
			sourceTree = "<group>";
		};
		CE6BCF512CD0F6BE00B30E87 /* StoreAppUITests */ = {
			isa = PBXFileSystemSynchronizedRootGroup;
			path = StoreAppUITests;
			sourceTree = "<group>";
		};
/* End PBXFileSystemSynchronizedRootGroup section */

/* Begin PBXFrameworksBuildPhase section */
		CE6BCF2F2CD0F6BC00B30E87 /* Frameworks */ = {
			isa = PBXFrameworksBuildPhase;
			buildActionMask = 2147483647;
			files = (
				CE70E90A2CD26B1400D0A887 /* Alamofire in Frameworks */,
			);
			runOnlyForDeploymentPostprocessing = 0;
		};
		CE6BCF412CD0F6BE00B30E87 /* Frameworks */ = {
			isa = PBXFrameworksBuildPhase;
			buildActionMask = 2147483647;
			files = (
			);
			runOnlyForDeploymentPostprocessing = 0;
		};
		CE6BCF4B2CD0F6BE00B30E87 /* Frameworks */ = {
			isa = PBXFrameworksBuildPhase;
			buildActionMask = 2147483647;
			files = (
			);
			runOnlyForDeploymentPostprocessing = 0;
		};
/* End PBXFrameworksBuildPhase section */

/* Begin PBXGroup section */
		CE6BCF292CD0F6BC00B30E87 = {
			isa = PBXGroup;
			children = (
				CE6BCF342CD0F6BC00B30E87 /* StoreApp */,
				CE6BCF472CD0F6BE00B30E87 /* StoreAppTests */,
				CE6BCF512CD0F6BE00B30E87 /* StoreAppUITests */,
				CE6BCF332CD0F6BC00B30E87 /* Products */,
			);
			sourceTree = "<group>";
		};
		CE6BCF332CD0F6BC00B30E87 /* Products */ = {
			isa = PBXGroup;
			children = (
				CE6BCF322CD0F6BC00B30E87 /* StoreApp.app */,
				CE6BCF442CD0F6BE00B30E87 /* StoreAppTests.xctest */,
				CE6BCF4E2CD0F6BE00B30E87 /* StoreAppUITests.xctest */,
			);
			name = Products;
			sourceTree = "<group>";
		};
/* End PBXGroup section */

/* Begin PBXNativeTarget section */
		CE6BCF312CD0F6BC00B30E87 /* StoreApp */ = {
			isa = PBXNativeTarget;
			buildConfigurationList = CE6BCF582CD0F6BE00B30E87 /* Build configuration list for PBXNativeTarget "StoreApp" */;
			buildPhases = (
				CE6BCF2E2CD0F6BC00B30E87 /* Sources */,
				CE6BCF2F2CD0F6BC00B30E87 /* Frameworks */,
				CE6BCF302CD0F6BC00B30E87 /* Resources */,
			);
			buildRules = (
			);
			dependencies = (
			);
			fileSystemSynchronizedGroups = (
				CE6BCF342CD0F6BC00B30E87 /* StoreApp */,
			);
			name = StoreApp;
			packageProductDependencies = (
				CE70E9092CD26B1400D0A887 /* Alamofire */,
			);
			productName = StoreApp;
			productReference = CE6BCF322CD0F6BC00B30E87 /* StoreApp.app */;
			productType = "com.apple.product-type.application";
		};
		CE6BCF432CD0F6BE00B30E87 /* StoreAppTests */ = {
			isa = PBXNativeTarget;
			buildConfigurationList = CE6BCF5B2CD0F6BE00B30E87 /* Build configuration list for PBXNativeTarget "StoreAppTests" */;
			buildPhases = (
				CE6BCF402CD0F6BE00B30E87 /* Sources */,
				CE6BCF412CD0F6BE00B30E87 /* Frameworks */,
				CE6BCF422CD0F6BE00B30E87 /* Resources */,
			);
			buildRules = (
			);
			dependencies = (
				CE6BCF462CD0F6BE00B30E87 /* PBXTargetDependency */,
			);
			fileSystemSynchronizedGroups = (
				CE6BCF472CD0F6BE00B30E87 /* StoreAppTests */,
			);
			name = StoreAppTests;
			packageProductDependencies = (
			);
			productName = StoreAppTests;
			productReference = CE6BCF442CD0F6BE00B30E87 /* StoreAppTests.xctest */;
			productType = "com.apple.product-type.bundle.unit-test";
		};
		CE6BCF4D2CD0F6BE00B30E87 /* StoreAppUITests */ = {
			isa = PBXNativeTarget;
			buildConfigurationList = CE6BCF5E2CD0F6BE00B30E87 /* Build configuration list for PBXNativeTarget "StoreAppUITests" */;
			buildPhases = (
				CE6BCF4A2CD0F6BE00B30E87 /* Sources */,
				CE6BCF4B2CD0F6BE00B30E87 /* Frameworks */,
				CE6BCF4C2CD0F6BE00B30E87 /* Resources */,
			);
			buildRules = (
			);
			dependencies = (
				CE6BCF502CD0F6BE00B30E87 /* PBXTargetDependency */,
			);
			fileSystemSynchronizedGroups = (
				CE6BCF512CD0F6BE00B30E87 /* StoreAppUITests */,
			);
			name = StoreAppUITests;
			packageProductDependencies = (
			);
			productName = StoreAppUITests;
			productReference = CE6BCF4E2CD0F6BE00B30E87 /* StoreAppUITests.xctest */;
			productType = "com.apple.product-type.bundle.ui-testing";
		};
/* End PBXNativeTarget section */

/* Begin PBXProject section */
		CE6BCF2A2CD0F6BC00B30E87 /* Project object */ = {
			isa = PBXProject;
			attributes = {
				BuildIndependentTargetsInParallel = 1;
				LastSwiftUpdateCheck = 1600;
				LastUpgradeCheck = 1600;
				TargetAttributes = {
					CE6BCF312CD0F6BC00B30E87 = {
						CreatedOnToolsVersion = 16.0;
					};
					CE6BCF432CD0F6BE00B30E87 = {
						CreatedOnToolsVersion = 16.0;
						TestTargetID = CE6BCF312CD0F6BC00B30E87;
					};
					CE6BCF4D2CD0F6BE00B30E87 = {
						CreatedOnToolsVersion = 16.0;
						TestTargetID = CE6BCF312CD0F6BC00B30E87;
					};
				};
			};
			buildConfigurationList = CE6BCF2D2CD0F6BC00B30E87 /* Build configuration list for PBXProject "StoreApp" */;
			developmentRegion = en;
			hasScannedForEncodings = 0;
			knownRegions = (
				en,
				Base,
			);
			mainGroup = CE6BCF292CD0F6BC00B30E87;
			minimizedProjectReferenceProxies = 1;
			packageReferences = (
				CE70E9082CD267EF00D0A887 /* XCRemoteSwiftPackageReference "Alamofire" */,
			);
			preferredProjectObjectVersion = 77;
			productRefGroup = CE6BCF332CD0F6BC00B30E87 /* Products */;
			projectDirPath = "";
			projectRoot = "";
			targets = (
				CE6BCF312CD0F6BC00B30E87 /* StoreApp */,
				CE6BCF432CD0F6BE00B30E87 /* StoreAppTests */,
				CE6BCF4D2CD0F6BE00B30E87 /* StoreAppUITests */,
			);
		};
/* End PBXProject section */

/* Begin PBXResourcesBuildPhase section */
		CE6BCF302CD0F6BC00B30E87 /* Resources */ = {
			isa = PBXResourcesBuildPhase;
			buildActionMask = 2147483647;
			files = (
			);
			runOnlyForDeploymentPostprocessing = 0;
		};
		CE6BCF422CD0F6BE00B30E87 /* Resources */ = {
			isa = PBXResourcesBuildPhase;
			buildActionMask = 2147483647;
			files = (
			);
			runOnlyForDeploymentPostprocessing = 0;
		};
		CE6BCF4C2CD0F6BE00B30E87 /* Resources */ = {
			isa = PBXResourcesBuildPhase;
			buildActionMask = 2147483647;
			files = (
			);
			runOnlyForDeploymentPostprocessing = 0;
		};
/* End PBXResourcesBuildPhase section */

/* Begin PBXSourcesBuildPhase section */
		CE6BCF2E2CD0F6BC00B30E87 /* Sources */ = {
			isa = PBXSourcesBuildPhase;
			buildActionMask = 2147483647;
			files = (
			);
			runOnlyForDeploymentPostprocessing = 0;
		};
		CE6BCF402CD0F6BE00B30E87 /* Sources */ = {
			isa = PBXSourcesBuildPhase;
			buildActionMask = 2147483647;
			files = (
			);
			runOnlyForDeploymentPostprocessing = 0;
		};
		CE6BCF4A2CD0F6BE00B30E87 /* Sources */ = {
			isa = PBXSourcesBuildPhase;
			buildActionMask = 2147483647;
			files = (
			);
			runOnlyForDeploymentPostprocessing = 0;
		};
/* End PBXSourcesBuildPhase section */

/* Begin PBXTargetDependency section */
		CE6BCF462CD0F6BE00B30E87 /* PBXTargetDependency */ = {
			isa = PBXTargetDependency;
			target = CE6BCF312CD0F6BC00B30E87 /* StoreApp */;
			targetProxy = CE6BCF452CD0F6BE00B30E87 /* PBXContainerItemProxy */;
		};
		CE6BCF502CD0F6BE00B30E87 /* PBXTargetDependency */ = {
			isa = PBXTargetDependency;
			target = CE6BCF312CD0F6BC00B30E87 /* StoreApp */;
			targetProxy = CE6BCF4F2CD0F6BE00B30E87 /* PBXContainerItemProxy */;
		};
/* End PBXTargetDependency section */

/* Begin XCBuildConfiguration section */
		CE6BCF562CD0F6BE00B30E87 /* Debug */ = {
			isa = XCBuildConfiguration;
			buildSettings = {
				ALWAYS_SEARCH_USER_PATHS = NO;
				ASSETCATALOG_COMPILER_GENERATE_SWIFT_ASSET_SYMBOL_EXTENSIONS = YES;
				CLANG_ANALYZER_NONNULL = YES;
				CLANG_ANALYZER_NUMBER_OBJECT_CONVERSION = YES_AGGRESSIVE;
				CLANG_CXX_LANGUAGE_STANDARD = "gnu++20";
				CLANG_ENABLE_MODULES = YES;
				CLANG_ENABLE_OBJC_ARC = YES;
				CLANG_ENABLE_OBJC_WEAK = YES;
				CLANG_WARN_BLOCK_CAPTURE_AUTORELEASING = YES;
				CLANG_WARN_BOOL_CONVERSION = YES;
				CLANG_WARN_COMMA = YES;
				CLANG_WARN_CONSTANT_CONVERSION = YES;
				CLANG_WARN_DEPRECATED_OBJC_IMPLEMENTATIONS = YES;
				CLANG_WARN_DIRECT_OBJC_ISA_USAGE = YES_ERROR;
				CLANG_WARN_DOCUMENTATION_COMMENTS = YES;
				CLANG_WARN_EMPTY_BODY = YES;
				CLANG_WARN_ENUM_CONVERSION = YES;
				CLANG_WARN_INFINITE_RECURSION = YES;
				CLANG_WARN_INT_CONVERSION = YES;
				CLANG_WARN_NON_LITERAL_NULL_CONVERSION = YES;
				CLANG_WARN_OBJC_IMPLICIT_RETAIN_SELF = YES;
				CLANG_WARN_OBJC_LITERAL_CONVERSION = YES;
				CLANG_WARN_OBJC_ROOT_CLASS = YES_ERROR;
				CLANG_WARN_QUOTED_INCLUDE_IN_FRAMEWORK_HEADER = YES;
				CLANG_WARN_RANGE_LOOP_ANALYSIS = YES;
				CLANG_WARN_STRICT_PROTOTYPES = YES;
				CLANG_WARN_SUSPICIOUS_MOVE = YES;
				CLANG_WARN_UNGUARDED_AVAILABILITY = YES_AGGRESSIVE;
				CLANG_WARN_UNREACHABLE_CODE = YES;
				CLANG_WARN__DUPLICATE_METHOD_MATCH = YES;
				COPY_PHASE_STRIP = NO;
				DEBUG_INFORMATION_FORMAT = dwarf;
				ENABLE_STRICT_OBJC_MSGSEND = YES;
				ENABLE_TESTABILITY = YES;
				ENABLE_USER_SCRIPT_SANDBOXING = YES;
				GCC_C_LANGUAGE_STANDARD = gnu17;
				GCC_DYNAMIC_NO_PIC = NO;
				GCC_NO_COMMON_BLOCKS = YES;
				GCC_OPTIMIZATION_LEVEL = 0;
				GCC_PREPROCESSOR_DEFINITIONS = (
					"DEBUG=1",
					"$(inherited)",
				);
				GCC_WARN_64_TO_32_BIT_CONVERSION = YES;
				GCC_WARN_ABOUT_RETURN_TYPE = YES_ERROR;
				GCC_WARN_UNDECLARED_SELECTOR = YES;
				GCC_WARN_UNINITIALIZED_AUTOS = YES_AGGRESSIVE;
				GCC_WARN_UNUSED_FUNCTION = YES;
				GCC_WARN_UNUSED_VARIABLE = YES;
				IPHONEOS_DEPLOYMENT_TARGET = 18.0;
				LOCALIZATION_PREFERS_STRING_CATALOGS = YES;
				MTL_ENABLE_DEBUG_INFO = INCLUDE_SOURCE;
				MTL_FAST_MATH = YES;
				ONLY_ACTIVE_ARCH = YES;
				SDKROOT = iphoneos;
				SWIFT_ACTIVE_COMPILATION_CONDITIONS = "DEBUG $(inherited)";
				SWIFT_OPTIMIZATION_LEVEL = "-Onone";
			};
			name = Debug;
		};
		CE6BCF572CD0F6BE00B30E87 /* Release */ = {
			isa = XCBuildConfiguration;
			buildSettings = {
				ALWAYS_SEARCH_USER_PATHS = NO;
				ASSETCATALOG_COMPILER_GENERATE_SWIFT_ASSET_SYMBOL_EXTENSIONS = YES;
				CLANG_ANALYZER_NONNULL = YES;
				CLANG_ANALYZER_NUMBER_OBJECT_CONVERSION = YES_AGGRESSIVE;
				CLANG_CXX_LANGUAGE_STANDARD = "gnu++20";
				CLANG_ENABLE_MODULES = YES;
				CLANG_ENABLE_OBJC_ARC = YES;
				CLANG_ENABLE_OBJC_WEAK = YES;
				CLANG_WARN_BLOCK_CAPTURE_AUTORELEASING = YES;
				CLANG_WARN_BOOL_CONVERSION = YES;
				CLANG_WARN_COMMA = YES;
				CLANG_WARN_CONSTANT_CONVERSION = YES;
				CLANG_WARN_DEPRECATED_OBJC_IMPLEMENTATIONS = YES;
				CLANG_WARN_DIRECT_OBJC_ISA_USAGE = YES_ERROR;
				CLANG_WARN_DOCUMENTATION_COMMENTS = YES;
				CLANG_WARN_EMPTY_BODY = YES;
				CLANG_WARN_ENUM_CONVERSION = YES;
				CLANG_WARN_INFINITE_RECURSION = YES;
				CLANG_WARN_INT_CONVERSION = YES;
				CLANG_WARN_NON_LITERAL_NULL_CONVERSION = YES;
				CLANG_WARN_OBJC_IMPLICIT_RETAIN_SELF = YES;
				CLANG_WARN_OBJC_LITERAL_CONVERSION = YES;
				CLANG_WARN_OBJC_ROOT_CLASS = YES_ERROR;
				CLANG_WARN_QUOTED_INCLUDE_IN_FRAMEWORK_HEADER = YES;
				CLANG_WARN_RANGE_LOOP_ANALYSIS = YES;
				CLANG_WARN_STRICT_PROTOTYPES = YES;
				CLANG_WARN_SUSPICIOUS_MOVE = YES;
				CLANG_WARN_UNGUARDED_AVAILABILITY = YES_AGGRESSIVE;
				CLANG_WARN_UNREACHABLE_CODE = YES;
				CLANG_WARN__DUPLICATE_METHOD_MATCH = YES;
				COPY_PHASE_STRIP = NO;
				DEBUG_INFORMATION_FORMAT = "dwarf-with-dsym";
				ENABLE_NS_ASSERTIONS = NO;
				ENABLE_STRICT_OBJC_MSGSEND = YES;
				ENABLE_USER_SCRIPT_SANDBOXING = YES;
				GCC_C_LANGUAGE_STANDARD = gnu17;
				GCC_NO_COMMON_BLOCKS = YES;
				GCC_WARN_64_TO_32_BIT_CONVERSION = YES;
				GCC_WARN_ABOUT_RETURN_TYPE = YES_ERROR;
				GCC_WARN_UNDECLARED_SELECTOR = YES;
				GCC_WARN_UNINITIALIZED_AUTOS = YES_AGGRESSIVE;
				GCC_WARN_UNUSED_FUNCTION = YES;
				GCC_WARN_UNUSED_VARIABLE = YES;
				IPHONEOS_DEPLOYMENT_TARGET = 18.0;
				LOCALIZATION_PREFERS_STRING_CATALOGS = YES;
				MTL_ENABLE_DEBUG_INFO = NO;
				MTL_FAST_MATH = YES;
				SDKROOT = iphoneos;
				SWIFT_COMPILATION_MODE = wholemodule;
				VALIDATE_PRODUCT = YES;
			};
			name = Release;
		};
		CE6BCF592CD0F6BE00B30E87 /* Debug */ = {
			isa = XCBuildConfiguration;
			buildSettings = {
				ASSETCATALOG_COMPILER_APPICON_NAME = AppIcon;
				ASSETCATALOG_COMPILER_GLOBAL_ACCENT_COLOR_NAME = AccentColor;
				CODE_SIGN_STYLE = Automatic;
				CURRENT_PROJECT_VERSION = 1;
				DEVELOPMENT_ASSET_PATHS = "\"StoreApp/Resources/PreviewContent\"";
				DEVELOPMENT_TEAM = NXD3KKB2C9;
				ENABLE_PREVIEWS = YES;
				GENERATE_INFOPLIST_FILE = YES;
				INFOPLIST_KEY_UIApplicationSceneManifest_Generation = YES;
				INFOPLIST_KEY_UIApplicationSupportsIndirectInputEvents = YES;
				INFOPLIST_KEY_UILaunchScreen_Generation = YES;
				INFOPLIST_KEY_UISupportedInterfaceOrientations_iPad = "UIInterfaceOrientationPortrait UIInterfaceOrientationPortraitUpsideDown UIInterfaceOrientationLandscapeLeft UIInterfaceOrientationLandscapeRight";
				INFOPLIST_KEY_UISupportedInterfaceOrientations_iPhone = "UIInterfaceOrientationPortrait UIInterfaceOrientationLandscapeLeft UIInterfaceOrientationLandscapeRight";
				LD_RUNPATH_SEARCH_PATHS = (
					"$(inherited)",
					"@executable_path/Frameworks",
				);
				MARKETING_VERSION = 1.0;
				PRODUCT_BUNDLE_IDENTIFIER = erkan.StoreApp;
				PRODUCT_NAME = "$(TARGET_NAME)";
				SWIFT_EMIT_LOC_STRINGS = YES;
				SWIFT_VERSION = 5.0;
				TARGETED_DEVICE_FAMILY = "1,2";
			};
			name = Debug;
		};
		CE6BCF5A2CD0F6BE00B30E87 /* Release */ = {
			isa = XCBuildConfiguration;
			buildSettings = {
				ASSETCATALOG_COMPILER_APPICON_NAME = AppIcon;
				ASSETCATALOG_COMPILER_GLOBAL_ACCENT_COLOR_NAME = AccentColor;
				CODE_SIGN_STYLE = Automatic;
				CURRENT_PROJECT_VERSION = 1;
				DEVELOPMENT_ASSET_PATHS = "\"StoreApp/Resources/PreviewContent\"";
				DEVELOPMENT_TEAM = NXD3KKB2C9;
				ENABLE_PREVIEWS = YES;
				GENERATE_INFOPLIST_FILE = YES;
				INFOPLIST_KEY_UIApplicationSceneManifest_Generation = YES;
				INFOPLIST_KEY_UIApplicationSupportsIndirectInputEvents = YES;
				INFOPLIST_KEY_UILaunchScreen_Generation = YES;
				INFOPLIST_KEY_UISupportedInterfaceOrientations_iPad = "UIInterfaceOrientationPortrait UIInterfaceOrientationPortraitUpsideDown UIInterfaceOrientationLandscapeLeft UIInterfaceOrientationLandscapeRight";
				INFOPLIST_KEY_UISupportedInterfaceOrientations_iPhone = "UIInterfaceOrientationPortrait UIInterfaceOrientationLandscapeLeft UIInterfaceOrientationLandscapeRight";
				LD_RUNPATH_SEARCH_PATHS = (
					"$(inherited)",
					"@executable_path/Frameworks",
				);
				MARKETING_VERSION = 1.0;
				PRODUCT_BUNDLE_IDENTIFIER = erkan.StoreApp;
				PRODUCT_NAME = "$(TARGET_NAME)";
				SWIFT_EMIT_LOC_STRINGS = YES;
				SWIFT_VERSION = 5.0;
				TARGETED_DEVICE_FAMILY = "1,2";
			};
			name = Release;
		};
		CE6BCF5C2CD0F6BE00B30E87 /* Debug */ = {
			isa = XCBuildConfiguration;
			buildSettings = {
				BUNDLE_LOADER = "$(TEST_HOST)";
				CODE_SIGN_STYLE = Automatic;
				CURRENT_PROJECT_VERSION = 1;
				DEVELOPMENT_TEAM = NXD3KKB2C9;
				GENERATE_INFOPLIST_FILE = YES;
				IPHONEOS_DEPLOYMENT_TARGET = 18.0;
				MARKETING_VERSION = 1.0;
				PRODUCT_BUNDLE_IDENTIFIER = erkan.StoreAppTests;
				PRODUCT_NAME = "$(TARGET_NAME)";
				SWIFT_EMIT_LOC_STRINGS = NO;
				SWIFT_VERSION = 5.0;
				TARGETED_DEVICE_FAMILY = "1,2";
				TEST_HOST = "$(BUILT_PRODUCTS_DIR)/StoreApp.app/$(BUNDLE_EXECUTABLE_FOLDER_PATH)/StoreApp";
			};
			name = Debug;
		};
		CE6BCF5D2CD0F6BE00B30E87 /* Release */ = {
			isa = XCBuildConfiguration;
			buildSettings = {
				BUNDLE_LOADER = "$(TEST_HOST)";
				CODE_SIGN_STYLE = Automatic;
				CURRENT_PROJECT_VERSION = 1;
				DEVELOPMENT_TEAM = NXD3KKB2C9;
				GENERATE_INFOPLIST_FILE = YES;
				IPHONEOS_DEPLOYMENT_TARGET = 18.0;
				MARKETING_VERSION = 1.0;
				PRODUCT_BUNDLE_IDENTIFIER = erkan.StoreAppTests;
				PRODUCT_NAME = "$(TARGET_NAME)";
				SWIFT_EMIT_LOC_STRINGS = NO;
				SWIFT_VERSION = 5.0;
				TARGETED_DEVICE_FAMILY = "1,2";
				TEST_HOST = "$(BUILT_PRODUCTS_DIR)/StoreApp.app/$(BUNDLE_EXECUTABLE_FOLDER_PATH)/StoreApp";
			};
			name = Release;
		};
		CE6BCF5F2CD0F6BE00B30E87 /* Debug */ = {
			isa = XCBuildConfiguration;
			buildSettings = {
				CODE_SIGN_STYLE = Automatic;
				CURRENT_PROJECT_VERSION = 1;
				DEVELOPMENT_TEAM = NXD3KKB2C9;
				GENERATE_INFOPLIST_FILE = YES;
				MARKETING_VERSION = 1.0;
				PRODUCT_BUNDLE_IDENTIFIER = erkan.StoreAppUITests;
				PRODUCT_NAME = "$(TARGET_NAME)";
				SWIFT_EMIT_LOC_STRINGS = NO;
				SWIFT_VERSION = 5.0;
				TARGETED_DEVICE_FAMILY = "1,2";
				TEST_TARGET_NAME = StoreApp;
			};
			name = Debug;
		};
		CE6BCF602CD0F6BE00B30E87 /* Release */ = {
			isa = XCBuildConfiguration;
			buildSettings = {
				CODE_SIGN_STYLE = Automatic;
				CURRENT_PROJECT_VERSION = 1;
				DEVELOPMENT_TEAM = NXD3KKB2C9;
				GENERATE_INFOPLIST_FILE = YES;
				MARKETING_VERSION = 1.0;
				PRODUCT_BUNDLE_IDENTIFIER = erkan.StoreAppUITests;
				PRODUCT_NAME = "$(TARGET_NAME)";
				SWIFT_EMIT_LOC_STRINGS = NO;
				SWIFT_VERSION = 5.0;
				TARGETED_DEVICE_FAMILY = "1,2";
				TEST_TARGET_NAME = StoreApp;
			};
			name = Release;
		};
/* End XCBuildConfiguration section */

/* Begin XCConfigurationList section */
		CE6BCF2D2CD0F6BC00B30E87 /* Build configuration list for PBXProject "StoreApp" */ = {
			isa = XCConfigurationList;
			buildConfigurations = (
				CE6BCF562CD0F6BE00B30E87 /* Debug */,
				CE6BCF572CD0F6BE00B30E87 /* Release */,
			);
			defaultConfigurationIsVisible = 0;
			defaultConfigurationName = Release;
		};
		CE6BCF582CD0F6BE00B30E87 /* Build configuration list for PBXNativeTarget "StoreApp" */ = {
			isa = XCConfigurationList;
			buildConfigurations = (
				CE6BCF592CD0F6BE00B30E87 /* Debug */,
				CE6BCF5A2CD0F6BE00B30E87 /* Release */,
			);
			defaultConfigurationIsVisible = 0;
			defaultConfigurationName = Release;
		};
		CE6BCF5B2CD0F6BE00B30E87 /* Build configuration list for PBXNativeTarget "StoreAppTests" */ = {
			isa = XCConfigurationList;
			buildConfigurations = (
				CE6BCF5C2CD0F6BE00B30E87 /* Debug */,
				CE6BCF5D2CD0F6BE00B30E87 /* Release */,
			);
			defaultConfigurationIsVisible = 0;
			defaultConfigurationName = Release;
		};
		CE6BCF5E2CD0F6BE00B30E87 /* Build configuration list for PBXNativeTarget "StoreAppUITests" */ = {
			isa = XCConfigurationList;
			buildConfigurations = (
				CE6BCF5F2CD0F6BE00B30E87 /* Debug */,
				CE6BCF602CD0F6BE00B30E87 /* Release */,
			);
			defaultConfigurationIsVisible = 0;
			defaultConfigurationName = Release;
		};
/* End XCConfigurationList section */

/* Begin XCRemoteSwiftPackageReference section */
		CE70E9082CD267EF00D0A887 /* XCRemoteSwiftPackageReference "Alamofire" */ = {
			isa = XCRemoteSwiftPackageReference;
			repositoryURL = "https://github.com/Alamofire/Alamofire.git";
			requirement = {
				kind = upToNextMajorVersion;
				minimumVersion = 5.10.1;
			};
		};
/* End XCRemoteSwiftPackageReference section */

/* Begin XCSwiftPackageProductDependency section */
		CE70E9092CD26B1400D0A887 /* Alamofire */ = {
			isa = XCSwiftPackageProductDependency;
			package = CE70E9082CD267EF00D0A887 /* XCRemoteSwiftPackageReference "Alamofire" */;
			productName = Alamofire;
		};
/* End XCSwiftPackageProductDependency section */
	};
	rootObject = CE6BCF2A2CD0F6BC00B30E87 /* Project object */;
}
